
Microsoft Visual Studio Solution File, Format Version 12.00
# Visual Studio Version 17
VisualStudioVersion = 17.8.34322.80
MinimumVisualStudioVersion = 10.0.40219.1
Project("{FAE04EC0-301F-11D3-BF4B-00C04F79EFBC}") = "Developer-Helper", "Developer-Helper\Developer-Helper.csproj", "{DB2B940D-A87D-41C6-913C-C0A96F3B0745}"
EndProject
Project("{FAE04EC0-301F-11D3-BF4B-00C04F79EFBC}") = "Developer-HelperTests", "Developer-HelperTests\Developer-HelperTests.csproj", "{3B32575B-2221-4D17-9261-52A5B8152C04}"
EndProject
Global
	GlobalSection(SolutionConfigurationPlatforms) = preSolution
		Debug|Any CPU = Debug|Any CPU
		Release|Any CPU = Release|Any CPU
	EndGlobalSection
	GlobalSection(ProjectConfigurationPlatforms) = postSolution
		{DB2B940D-A87D-41C6-913C-C0A96F3B0745}.Debug|Any CPU.ActiveCfg = Debug|Any CPU
		{DB2B940D-A87D-41C6-913C-C0A96F3B0745}.Debug|Any CPU.Build.0 = Debug|Any CPU
		{DB2B940D-A87D-41C6-913C-C0A96F3B0745}.Release|Any CPU.ActiveCfg = Release|Any CPU
		{DB2B940D-A87D-41C6-913C-C0A96F3B0745}.Release|Any CPU.Build.0 = Release|Any CPU
		{3B32575B-2221-4D17-9261-52A5B8152C04}.Debug|Any CPU.ActiveCfg = Debug|Any CPU
		{3B32575B-2221-4D17-9261-52A5B8152C04}.Debug|Any CPU.Build.0 = Debug|Any CPU
		{3B32575B-2221-4D17-9261-52A5B8152C04}.Release|Any CPU.ActiveCfg = Release|Any CPU
		{3B32575B-2221-4D17-9261-52A5B8152C04}.Release|Any CPU.Build.0 = Release|Any CPU
	EndGlobalSection
	GlobalSection(SolutionProperties) = preSolution
		HideSolutionNode = FALSE
	EndGlobalSection
	GlobalSection(ExtensibilityGlobals) = postSolution
		SolutionGuid = {449850C0-3C34-4AAA-9B63-33F629B01320}
	EndGlobalSection
EndGlobal
